
Microsoft Visual Studio Solution File, Format Version 12.00
# Visual Studio Version 17
VisualStudioVersion = 17.2.32630.192
MinimumVisualStudioVersion = 10.0.40219.1
Project("{9A19103F-16F7-4668-BE54-9A1E7A4F7556}") = "DemoMVC", "DemoMVC\DemoMVC.csproj", "{766E0D70-0459-4BE8-9D85-CAFDDB189656}"
EndProject
Project("{9A19103F-16F7-4668-BE54-9A1E7A4F7556}") = "APIsDemo", "APIsDemo\APIsDemo.csproj", "{F19936A4-84C8-4B8B-9647-B698FFA06CAF}"
EndProject
Project("{9A19103F-16F7-4668-BE54-9A1E7A4F7556}") = "APIWithDatabase", "APIWithDatabase\APIWithDatabase.csproj", "{A8AA22BE-010E-4F60-AAFC-CAA171EA8799}"
EndProject
Project("{9A19103F-16F7-4668-BE54-9A1E7A4F7556}") = "CallApi", "CallApi\CallApi.csproj", "{53B44F51-A20B-459F-B635-9C954953823A}"
EndProject
Project("{FAE04EC0-301F-11D3-BF4B-00C04F79EFBC}") = "MVCWebCallAPI", "MVCWebCallAPI\MVCWebCallAPI.csproj", "{D09A9A20-935C-4AEC-9D06-F2EB73AA5817}"
EndProject
Global
	GlobalSection(SolutionConfigurationPlatforms) = preSolution
		Debug|Any CPU = Debug|Any CPU
		Release|Any CPU = Release|Any CPU
	EndGlobalSection
	GlobalSection(ProjectConfigurationPlatforms) = postSolution
		{766E0D70-0459-4BE8-9D85-CAFDDB189656}.Debug|Any CPU.ActiveCfg = Debug|Any CPU
		{766E0D70-0459-4BE8-9D85-CAFDDB189656}.Debug|Any CPU.Build.0 = Debug|Any CPU
		{766E0D70-0459-4BE8-9D85-CAFDDB189656}.Release|Any CPU.ActiveCfg = Release|Any CPU
		{766E0D70-0459-4BE8-9D85-CAFDDB189656}.Release|Any CPU.Build.0 = Release|Any CPU
		{F19936A4-84C8-4B8B-9647-B698FFA06CAF}.Debug|Any CPU.ActiveCfg = Debug|Any CPU
		{F19936A4-84C8-4B8B-9647-B698FFA06CAF}.Debug|Any CPU.Build.0 = Debug|Any CPU
		{F19936A4-84C8-4B8B-9647-B698FFA06CAF}.Release|Any CPU.ActiveCfg = Release|Any CPU
		{F19936A4-84C8-4B8B-9647-B698FFA06CAF}.Release|Any CPU.Build.0 = Release|Any CPU
		{A8AA22BE-010E-4F60-AAFC-CAA171EA8799}.Debug|Any CPU.ActiveCfg = Debug|Any CPU
		{A8AA22BE-010E-4F60-AAFC-CAA171EA8799}.Debug|Any CPU.Build.0 = Debug|Any CPU
		{A8AA22BE-010E-4F60-AAFC-CAA171EA8799}.Release|Any CPU.ActiveCfg = Release|Any CPU
		{A8AA22BE-010E-4F60-AAFC-CAA171EA8799}.Release|Any CPU.Build.0 = Release|Any CPU
		{53B44F51-A20B-459F-B635-9C954953823A}.Debug|Any CPU.ActiveCfg = Debug|Any CPU
		{53B44F51-A20B-459F-B635-9C954953823A}.Debug|Any CPU.Build.0 = Debug|Any CPU
		{53B44F51-A20B-459F-B635-9C954953823A}.Release|Any CPU.ActiveCfg = Release|Any CPU
		{53B44F51-A20B-459F-B635-9C954953823A}.Release|Any CPU.Build.0 = Release|Any CPU
		{D09A9A20-935C-4AEC-9D06-F2EB73AA5817}.Debug|Any CPU.ActiveCfg = Debug|Any CPU
		{D09A9A20-935C-4AEC-9D06-F2EB73AA5817}.Debug|Any CPU.Build.0 = Debug|Any CPU
		{D09A9A20-935C-4AEC-9D06-F2EB73AA5817}.Release|Any CPU.ActiveCfg = Release|Any CPU
		{D09A9A20-935C-4AEC-9D06-F2EB73AA5817}.Release|Any CPU.Build.0 = Release|Any CPU
	EndGlobalSection
	GlobalSection(SolutionProperties) = preSolution
		HideSolutionNode = FALSE
	EndGlobalSection
	GlobalSection(ExtensibilityGlobals) = postSolution
		SolutionGuid = {D1945AE7-99A2-4173-BAB9-BB89C8447EA0}
	EndGlobalSection
EndGlobal
